
Microsoft Visual Studio Solution File, Format Version 12.00
# Visual Studio Version 17
VisualStudioVersion = 17.4.33110.190
MinimumVisualStudioVersion = 10.0.40219.1
Project("{FAE04EC0-301F-11D3-BF4B-00C04F79EFBC}") = "WebApplication-Logger-Test", "WebApplication-Logger-Test\WebApplication-Logger-Test.csproj", "{CC7F43C6-93DE-4F33-9DA5-AF98505614CB}"
EndProject
Global
	GlobalSection(SolutionConfigurationPlatforms) = preSolution
		Debug|Any CPU = Debug|Any CPU
		Release|Any CPU = Release|Any CPU
	EndGlobalSection
	GlobalSection(ProjectConfigurationPlatforms) = postSolution
		{CC7F43C6-93DE-4F33-9DA5-AF98505614CB}.Debug|Any CPU.ActiveCfg = Debug|Any CPU
		{CC7F43C6-93DE-4F33-9DA5-AF98505614CB}.Debug|Any CPU.Build.0 = Debug|Any CPU
		{CC7F43C6-93DE-4F33-9DA5-AF98505614CB}.Release|Any CPU.ActiveCfg = Release|Any CPU
		{CC7F43C6-93DE-4F33-9DA5-AF98505614CB}.Release|Any CPU.Build.0 = Release|Any CPU
	EndGlobalSection
	GlobalSection(SolutionProperties) = preSolution
		HideSolutionNode = FALSE
	EndGlobalSection
	GlobalSection(ExtensibilityGlobals) = postSolution
		SolutionGuid = {E712E9D8-3BD9-42E6-B149-8A6F8B4DA904}
	EndGlobalSection
EndGlobal
