
Microsoft Visual Studio Solution File, Format Version 12.00
# Visual Studio Version 17
VisualStudioVersion = 17.4.33110.190
MinimumVisualStudioVersion = 10.0.40219.1
Project("{FAE04EC0-301F-11D3-BF4B-00C04F79EFBC}") = "MvcMovie", "MvcMovie\MvcMovie.csproj", "{8486924F-250C-4C1B-974C-3332A2DAAE04}"
EndProject
Global
	GlobalSection(SolutionConfigurationPlatforms) = preSolution
		Debug|Any CPU = Debug|Any CPU
		Release|Any CPU = Release|Any CPU
	EndGlobalSection
	GlobalSection(ProjectConfigurationPlatforms) = postSolution
		{8486924F-250C-4C1B-974C-3332A2DAAE04}.Debug|Any CPU.ActiveCfg = Debug|Any CPU
		{8486924F-250C-4C1B-974C-3332A2DAAE04}.Debug|Any CPU.Build.0 = Debug|Any CPU
		{8486924F-250C-4C1B-974C-3332A2DAAE04}.Release|Any CPU.ActiveCfg = Release|Any CPU
		{8486924F-250C-4C1B-974C-3332A2DAAE04}.Release|Any CPU.Build.0 = Release|Any CPU
	EndGlobalSection
	GlobalSection(SolutionProperties) = preSolution
		HideSolutionNode = FALSE
	EndGlobalSection
	GlobalSection(ExtensibilityGlobals) = postSolution
		SolutionGuid = {F6E368BF-6991-46FF-ACBE-688BF2B6DBB2}
	EndGlobalSection
EndGlobal
